
Microsoft Visual Studio Solution File, Format Version 12.00
# Visual Studio 2012
Project("{FAE04EC0-301F-11D3-BF4B-00C04F79EFBC}") = "ExemploModifiers", "ExemploModifiers\ExemploModifiers.csproj", "{092CAB92-A909-4A81-BD63-55421F07964F}"
EndProject
Global
	GlobalSection(SolutionConfigurationPlatforms) = preSolution
		Debug|Any CPU = Debug|Any CPU
		Release|Any CPU = Release|Any CPU
	EndGlobalSection
	GlobalSection(ProjectConfigurationPlatforms) = postSolution
		{092CAB92-A909-4A81-BD63-55421F07964F}.Debug|Any CPU.ActiveCfg = Debug|Any CPU
		{092CAB92-A909-4A81-BD63-55421F07964F}.Debug|Any CPU.Build.0 = Debug|Any CPU
		{092CAB92-A909-4A81-BD63-55421F07964F}.Release|Any CPU.ActiveCfg = Release|Any CPU
		{092CAB92-A909-4A81-BD63-55421F07964F}.Release|Any CPU.Build.0 = Release|Any CPU
	EndGlobalSection
	GlobalSection(SolutionProperties) = preSolution
		HideSolutionNode = FALSE
	EndGlobalSection
EndGlobal
